
Microsoft Visual Studio Solution File, Format Version 12.00
# Visual Studio Version 17
VisualStudioVersion = 17.6.33815.320
MinimumVisualStudioVersion = 10.0.40219.1
Project("{FAE04EC0-301F-11D3-BF4B-00C04F79EFBC}") = "001", "001.csproj", "{EA3126DE-2F7E-4931-AC08-E5AFA14FAAEB}"
EndProject
Global
	GlobalSection(SolutionConfigurationPlatforms) = preSolution
		Debug|Any CPU = Debug|Any CPU
		Release|Any CPU = Release|Any CPU
	EndGlobalSection
	GlobalSection(ProjectConfigurationPlatforms) = postSolution
		{EA3126DE-2F7E-4931-AC08-E5AFA14FAAEB}.Debug|Any CPU.ActiveCfg = Debug|Any CPU
		{EA3126DE-2F7E-4931-AC08-E5AFA14FAAEB}.Debug|Any CPU.Build.0 = Debug|Any CPU
		{EA3126DE-2F7E-4931-AC08-E5AFA14FAAEB}.Release|Any CPU.ActiveCfg = Release|Any CPU
		{EA3126DE-2F7E-4931-AC08-E5AFA14FAAEB}.Release|Any CPU.Build.0 = Release|Any CPU
	EndGlobalSection
	GlobalSection(SolutionProperties) = preSolution
		HideSolutionNode = FALSE
	EndGlobalSection
	GlobalSection(ExtensibilityGlobals) = postSolution
		SolutionGuid = {1573EF98-1FE3-41BD-BDCF-4B84DD730B3A}
	EndGlobalSection
EndGlobal
